
Microsoft Visual Studio Solution File, Format Version 11.00
# Visual Studio 2010
Project("{8BC9CEB8-8B4A-11D0-8D11-00A0C91BC942}") = "ModflowLib", "ModflowLib\ModflowLib.vcxproj", "{09F8EE14-CC63-4891-8022-26427D53E529}"
EndProject
Global
	GlobalSection(SolutionConfigurationPlatforms) = preSolution
		DebugStaticLib|Win32 = DebugStaticLib|Win32
		DebugStaticLib|x64 = DebugStaticLib|x64
		DebugWithTests|Win32 = DebugWithTests|Win32
		DebugWithTests|x64 = DebugWithTests|x64
		DebugWithTestsDbl|Win32 = DebugWithTestsDbl|Win32
		DebugWithTestsDbl|x64 = DebugWithTestsDbl|x64
		Gms2Mf2k|Win32 = Gms2Mf2k|Win32
		Gms2Mf2k|x64 = Gms2Mf2k|x64
		ReleaseStaticLib|Win32 = ReleaseStaticLib|Win32
		ReleaseStaticLib|x64 = ReleaseStaticLib|x64
		ReleaseWithTests|Win32 = ReleaseWithTests|Win32
		ReleaseWithTests|x64 = ReleaseWithTests|x64
		ReleaseWithTestsDbl|Win32 = ReleaseWithTestsDbl|Win32
		ReleaseWithTestsDbl|x64 = ReleaseWithTestsDbl|x64
	EndGlobalSection
	GlobalSection(ProjectConfigurationPlatforms) = postSolution
		{09F8EE14-CC63-4891-8022-26427D53E529}.DebugStaticLib|Win32.ActiveCfg = DebugStaticLib|Win32
		{09F8EE14-CC63-4891-8022-26427D53E529}.DebugStaticLib|Win32.Build.0 = DebugStaticLib|Win32
		{09F8EE14-CC63-4891-8022-26427D53E529}.DebugStaticLib|x64.ActiveCfg = DebugStaticLib|x64
		{09F8EE14-CC63-4891-8022-26427D53E529}.DebugStaticLib|x64.Build.0 = DebugStaticLib|x64
		{09F8EE14-CC63-4891-8022-26427D53E529}.DebugWithTests|Win32.ActiveCfg = DebugWithTests|Win32
		{09F8EE14-CC63-4891-8022-26427D53E529}.DebugWithTests|Win32.Build.0 = DebugWithTests|Win32
		{09F8EE14-CC63-4891-8022-26427D53E529}.DebugWithTests|x64.ActiveCfg = DebugWithTests|x64
		{09F8EE14-CC63-4891-8022-26427D53E529}.DebugWithTests|x64.Build.0 = DebugWithTests|x64
		{09F8EE14-CC63-4891-8022-26427D53E529}.DebugWithTestsDbl|Win32.ActiveCfg = DebugWithTestsDbl|Win32
		{09F8EE14-CC63-4891-8022-26427D53E529}.DebugWithTestsDbl|Win32.Build.0 = DebugWithTestsDbl|Win32
		{09F8EE14-CC63-4891-8022-26427D53E529}.DebugWithTestsDbl|x64.ActiveCfg = DebugWithTestsDbl|x64
		{09F8EE14-CC63-4891-8022-26427D53E529}.DebugWithTestsDbl|x64.Build.0 = DebugWithTestsDbl|x64
		{09F8EE14-CC63-4891-8022-26427D53E529}.Gms2Mf2k|Win32.ActiveCfg = Gms2Mf2k|Win32
		{09F8EE14-CC63-4891-8022-26427D53E529}.Gms2Mf2k|Win32.Build.0 = Gms2Mf2k|Win32
		{09F8EE14-CC63-4891-8022-26427D53E529}.Gms2Mf2k|x64.ActiveCfg = Gms2Mf2k|x64
		{09F8EE14-CC63-4891-8022-26427D53E529}.Gms2Mf2k|x64.Build.0 = Gms2Mf2k|x64
		{09F8EE14-CC63-4891-8022-26427D53E529}.ReleaseStaticLib|Win32.ActiveCfg = ReleaseStaticLib|Win32
		{09F8EE14-CC63-4891-8022-26427D53E529}.ReleaseStaticLib|Win32.Build.0 = ReleaseStaticLib|Win32
		{09F8EE14-CC63-4891-8022-26427D53E529}.ReleaseStaticLib|x64.ActiveCfg = ReleaseStaticLib|x64
		{09F8EE14-CC63-4891-8022-26427D53E529}.ReleaseStaticLib|x64.Build.0 = ReleaseStaticLib|x64
		{09F8EE14-CC63-4891-8022-26427D53E529}.ReleaseWithTests|Win32.ActiveCfg = ReleaseWithTests|Win32
		{09F8EE14-CC63-4891-8022-26427D53E529}.ReleaseWithTests|Win32.Build.0 = ReleaseWithTests|Win32
		{09F8EE14-CC63-4891-8022-26427D53E529}.ReleaseWithTests|x64.ActiveCfg = ReleaseWithTests|x64
		{09F8EE14-CC63-4891-8022-26427D53E529}.ReleaseWithTests|x64.Build.0 = ReleaseWithTests|x64
		{09F8EE14-CC63-4891-8022-26427D53E529}.ReleaseWithTestsDbl|Win32.ActiveCfg = ReleaseWithTestsDbl|Win32
		{09F8EE14-CC63-4891-8022-26427D53E529}.ReleaseWithTestsDbl|Win32.Build.0 = ReleaseWithTestsDbl|Win32
		{09F8EE14-CC63-4891-8022-26427D53E529}.ReleaseWithTestsDbl|x64.ActiveCfg = ReleaseWithTestsDbl|x64
		{09F8EE14-CC63-4891-8022-26427D53E529}.ReleaseWithTestsDbl|x64.Build.0 = ReleaseWithTestsDbl|x64
	EndGlobalSection
	GlobalSection(SolutionProperties) = preSolution
		HideSolutionNode = FALSE
	EndGlobalSection
EndGlobal
