<?xml version="1.0" encoding="utf-8"?>
<Project ToolsVersion="4.0" xmlns="http://schemas.microsoft.com/developer/msbuild/2003">
  <ItemGroup>
    <ClCompile Include="CxxTest\1.0\runner.cpp">
      <Filter>CxxTest\1.0</Filter>
    </ClCompile>
    <ClCompile Include="source\Export.cpp">
      <Filter>source</Filter>
    </ClCompile>
    <ClCompile Include="source\ModflowLib.cpp">
      <Filter>source</Filter>
    </ClCompile>
    <ClCompile Include="source\private\ArrayReader.cpp">
      <Filter>source\private</Filter>
    </ClCompile>
    <ClCompile Include="source\private\CmdLine.cpp">
      <Filter>source\private</Filter>
    </ClCompile>
    <ClCompile Include="source\private\ListReader.cpp">
      <Filter>source\private</Filter>
    </ClCompile>
    <ClCompile Include="source\private\ListReaderStr.cpp">
      <Filter>source\private</Filter>
    </ClCompile>
    <ClCompile Include="source\private\MfData.cpp">
      <Filter>source\private</Filter>
    </ClCompile>
    <ClCompile Include="source\private\MNWReader.cpp">
      <Filter>source\private</Filter>
    </ClCompile>
    <ClCompile Include="source\private\Parameters.cpp">
      <Filter>source\private</Filter>
    </ClCompile>
    <ClCompile Include="source\private\Sfr2Reader.cpp">
      <Filter>source\private</Filter>
    </ClCompile>
    <ClCompile Include="source\private\ArrayReader\ArrayReaderParser.cpp">
      <Filter>source\private\ArrayReader</Filter>
    </ClCompile>
    <ClCompile Include="source\private\ArrayReader\ArrayReaderParser.t.cpp">
      <Filter>source\private\ArrayReader</Filter>
    </ClCompile>
    <ClCompile Include="source\private\Gms2Mf2k\Converter.cpp">
      <Filter>source\private\Gms2Mf2k</Filter>
    </ClCompile>
    <ClCompile Include="source\private\Gms2Mf2k\Gms2Mf2k.t.cpp">
      <Filter>source\private\Gms2Mf2k</Filter>
    </ClCompile>
    <ClCompile Include="source\private\Gms2Mf2k\Files\DisFileReader.cpp">
      <Filter>source\private\Gms2Mf2k\Files</Filter>
    </ClCompile>
    <ClCompile Include="source\private\Gms2Mf2k\Files\FileProcessor.cpp">
      <Filter>source\private\Gms2Mf2k\Files</Filter>
    </ClCompile>
    <ClCompile Include="source\private\Gms2Mf2k\Files\NameFileReader.cpp">
      <Filter>source\private\Gms2Mf2k\Files</Filter>
    </ClCompile>
    <ClCompile Include="source\private\Gms2Mf2k\Files\Processor\Processor.cpp">
      <Filter>source\private\Gms2Mf2k\Files\Processor</Filter>
    </ClCompile>
    <ClCompile Include="source\private\Gms2Mf2k\Files\Processor\ProcessorMNW.cpp">
      <Filter>source\private\Gms2Mf2k\Files\Processor</Filter>
    </ClCompile>
    <ClCompile Include="source\private\Gms2Mf2k\Files\Processor\ProcessorMNW2.cpp">
      <Filter>source\private\Gms2Mf2k\Files\Processor</Filter>
    </ClCompile>
    <ClCompile Include="source\private\Gms2Mf2k\Files\Processor\ProcessorSFR2.cpp">
      <Filter>source\private\Gms2Mf2k\Files\Processor</Filter>
    </ClCompile>
    <ClCompile Include="source\private\Gms2Mf2k\Files\Processor\ProcessorStream.cpp">
      <Filter>source\private\Gms2Mf2k\Files\Processor</Filter>
    </ClCompile>
    <ClCompile Include="source\private\Gms2Mf2k\Files\Processor\ProcessorUtil.cpp">
      <Filter>source\private\Gms2Mf2k\Files\Processor</Filter>
    </ClCompile>
    <ClCompile Include="source\private\H5DataReader\H5DataReaderUtil.cpp">
      <Filter>source\private\H5DataReaders</Filter>
    </ClCompile>
    <ClCompile Include="source\private\H5DataReader\H5DataSetReader.cpp">
      <Filter>source\private\H5DataReaders</Filter>
    </ClCompile>
    <ClCompile Include="source\private\H5DataReader\H5DataSetWriter.cpp">
      <Filter>source\private\H5DataReaders</Filter>
    </ClCompile>
    <ClCompile Include="source\private\H5DataReader\H5VecCStrReader.cpp">
      <Filter>source\private\H5DataReaders</Filter>
    </ClCompile>
    <ClCompile Include="source\private\ListReader\CellIdToIJK.t.cpp">
      <Filter>source\private\ListReader</Filter>
    </ClCompile>
    <ClCompile Include="source\private\ListReader\ListReaderH5.cpp">
      <Filter>source\private\ListReader</Filter>
    </ClCompile>
    <ClCompile Include="source\private\ListReader\ListReaderH5.t.cpp">
      <Filter>source\private\ListReader</Filter>
    </ClCompile>
    <ClCompile Include="source\private\ListReader\ListReaderParser.cpp">
      <Filter>source\private\ListReader</Filter>
    </ClCompile>
    <ClCompile Include="source\private\ListReader\ListReaderParser.t.cpp">
      <Filter>source\private\ListReader</Filter>
    </ClCompile>
    <ClCompile Include="source\private\util\CToken.cpp">
      <Filter>source\private\util</Filter>
    </ClCompile>
    <ClCompile Include="source\private\util\EReadAsciiFile.cpp">
      <Filter>source\private\util</Filter>
    </ClCompile>
    <ClCompile Include="source\private\util\H5Initialize.cpp">
      <Filter>source\private\util</Filter>
    </ClCompile>
    <ClCompile Include="source\private\util\util.cpp">
      <Filter>source\private\util</Filter>
    </ClCompile>
    <ClCompile Include="source\private\SQLite\CppSQLite3.cpp">
      <Filter>source\private\SQLite\private</Filter>
    </ClCompile>
    <ClCompile Include="source\private\SQLite\sqlite3.c">
      <Filter>source\private\SQLite\private</Filter>
    </ClCompile>
    <ClCompile Include="source\private\Parameters\MultArray.cpp">
      <Filter>source\private\Parameters</Filter>
    </ClCompile>
    <ClCompile Include="source\private\Parameters\Param.t.cpp">
      <Filter>source\private\Parameters</Filter>
    </ClCompile>
    <ClCompile Include="source\private\Parameters\ParamFileReader.cpp">
      <Filter>source\private\Parameters</Filter>
    </ClCompile>
    <ClCompile Include="source\private\Parameters\ParamList.cpp">
      <Filter>source\private\Parameters</Filter>
    </ClCompile>
    <ClCompile Include="source\private\Parameters\PilotPoints.cpp">
      <Filter>source\private\Parameters</Filter>
    </ClCompile>
    <ClCompile Include="source\private\Parameters\SenFileReader.cpp">
      <Filter>source\private\Parameters</Filter>
    </ClCompile>
    <ClCompile Include="source\private\MfData\MfGlobal.cpp">
      <Filter>source\private\MfData</Filter>
    </ClCompile>
    <ClCompile Include="source\private\MfData\MfPackageUtil.cpp">
      <Filter>source\private\MfData</Filter>
    </ClCompile>
    <ClCompile Include="source\private\MfData\Packages\MfPackage.cpp">
      <Filter>source\private\MfData\Packages</Filter>
    </ClCompile>
    <ClCompile Include="source\private\MfData\Packages\ObsHd.cpp">
      <Filter>source\private\MfData\Packages</Filter>
    </ClCompile>
    <ClCompile Include="source\private\MfData\MfExport\MfExporter.cpp">
      <Filter>source\private\MfData\MfExport</Filter>
    </ClCompile>
    <ClCompile Include="source\private\MfData\MfExport\private\ExpGeoDb.cpp">
      <Filter>source\private\MfData\MfExport\private</Filter>
    </ClCompile>
    <ClCompile Include="source\private\MfData\MfExport\private\ExpGmsH5.cpp">
      <Filter>source\private\MfData\MfExport\private</Filter>
    </ClCompile>
    <ClCompile Include="source\private\MfData\MfExport\private\Gdb.cpp">
      <Filter>source\private\MfData\MfExport\private</Filter>
    </ClCompile>
    <ClCompile Include="source\private\MfData\MfExport\private\Mf2kNative.cpp">
      <Filter>source\private\MfData\MfExport\private</Filter>
    </ClCompile>
    <ClCompile Include="source\private\MfData\MfExport\private\MfExporterImpl.cpp">
      <Filter>source\private\MfData\MfExport\private</Filter>
    </ClCompile>
    <ClCompile Include="source\private\MfData\MfExport\private\MfExportUtil.cpp">
      <Filter>source\private\MfData\MfExport\private</Filter>
    </ClCompile>
    <ClCompile Include="source\private\MfData\MfExport\private\TxtExporter.cpp">
      <Filter>source\private\MfData\MfExport\private</Filter>
    </ClCompile>
    <ClCompile Include="source\private\Gms2Mf2k\Files\LgrFileReader.cpp">
      <Filter>source\private\Gms2Mf2k</Filter>
    </ClCompile>
    <ClCompile Include="source\private\MfData\MfExport\private\Native\NativeUtil.cpp">
      <Filter>source\private\MfData\MfExport\private\Native</Filter>
    </ClCompile>
    <ClCompile Include="source\private\MfData\MfExport\private\Native\NativeExpDis.cpp">
      <Filter>source\private\MfData\MfExport\private\Native</Filter>
    </ClCompile>
    <ClCompile Include="source\private\MfData\MfExport\private\Native\NativePackExp.cpp">
      <Filter>source\private\MfData\MfExport\private\Native</Filter>
    </ClCompile>
    <ClCompile Include="source\private\MfData\MfExport\private\Native\NativeExpArr2d.cpp">
      <Filter>source\private\MfData\MfExport\private\Native</Filter>
    </ClCompile>
    <ClCompile Include="source\private\MfData\MfExport\private\Native\NativeExpArr1d.cpp">
      <Filter>source\private\MfData\MfExport\private\Native</Filter>
    </ClCompile>
    <ClCompile Include="source\private\MfData\MfExport\private\Native\NativeExpBas.cpp">
      <Filter>source\private\MfData\MfExport\private\Native</Filter>
    </ClCompile>
    <ClCompile Include="source\private\MfData\MfExport\private\Native\NativeExpNam.cpp">
      <Filter>source\private\MfData\MfExport\private\Native</Filter>
    </ClCompile>
    <ClCompile Include="source\private\MfData\MfExport\private\Native\NativeExpSTP.cpp">
      <Filter>source\private\MfData\MfExport\private\Native</Filter>
    </ClCompile>
    <ClCompile Include="source\private\MfData\MfExport\private\Native\NativeExpSolver.cpp">
      <Filter>source\private\MfData\MfExport\private\Native</Filter>
    </ClCompile>
    <ClCompile Include="source\private\MfData\MfExport\private\Native\NativeExpBcf.cpp">
      <Filter>source\private\MfData\MfExport\private\Native</Filter>
    </ClCompile>
    <ClCompile Include="source\private\MfData\MfExport\private\Native\NativeExpLpf.cpp">
      <Filter>source\private\MfData\MfExport\private\Native</Filter>
    </ClCompile>
    <ClCompile Include="source\private\MfData\MfExport\private\Native\NativeExpHuf.cpp">
      <Filter>source\private\MfData\MfExport\private\Native</Filter>
    </ClCompile>
    <ClCompile Include="source\private\MfData\MfExport\private\Native\NativeExpZon.cpp">
      <Filter>source\private\MfData\MfExport\private\Native</Filter>
    </ClCompile>
    <ClCompile Include="source\private\MfData\MfExport\private\Native\NativeExpMlt.cpp">
      <Filter>source\private\MfData\MfExport\private\Native</Filter>
    </ClCompile>
    <ClCompile Include="source\private\MfData\MfExport\private\Native\NativeExpOc.cpp">
      <Filter>source\private\MfData\MfExport\private\Native</Filter>
    </ClCompile>
    <ClCompile Include="source\private\MfData\MfExport\private\Native\NativeExpPval.cpp">
      <Filter>source\private\MfData\MfExport\private\Native</Filter>
    </ClCompile>
    <ClCompile Include="source\private\MfData\MfExport\private\Native\NativeExpSen.cpp">
      <Filter>source\private\MfData\MfExport\private\Native</Filter>
    </ClCompile>
    <ClCompile Include="source\private\MfData\MfExport\private\Native\NativeExpHfb.cpp">
      <Filter>source\private\MfData\MfExport\private\Native</Filter>
    </ClCompile>
    <ClCompile Include="source\private\MfData\MfExport\private\Native\NativeExpPes.cpp">
      <Filter>source\private\MfData\MfExport\private\Native</Filter>
    </ClCompile>
    <ClCompile Include="source\private\MfData\MfExport\private\Native\NativeExpLstPar.cpp">
      <Filter>source\private\MfData\MfExport\private\Native</Filter>
    </ClCompile>
    <ClCompile Include="source\private\MfData\MfExport\private\Native\NativeExpGag.cpp">
      <Filter>source\private\MfData\MfExport\private\Native</Filter>
    </ClCompile>
    <ClCompile Include="source\private\MfData\MfExport\private\Native\NativeExpMnw2.cpp">
      <Filter>source\private\MfData\MfExport\private\Native</Filter>
    </ClCompile>
    <ClCompile Include="source\private\MfData\MfExport\private\Native\NativeExpMnwi.cpp">
      <Filter>source\private\MfData\MfExport\private\Native</Filter>
    </ClCompile>
    <ClCompile Include="source\private\MfData\MfExport\private\Native\NativeExpObs.cpp">
      <Filter>source\private\MfData\MfExport\private\Native</Filter>
    </ClCompile>
    <ClCompile Include="source\private\MfData\MfExport\private\Native\NativeExpSfr.cpp">
      <Filter>source\private\MfData\MfExport\private\Native</Filter>
    </ClCompile>
    <ClCompile Include="source\private\MfData\MfExport\private\Native\NativeExpLstPack.cpp">
      <Filter>source\private\MfData\MfExport\private\Native</Filter>
    </ClCompile>
    <ClCompile Include="source\private\MfData\MfExport\private\Native\NativeExpRch.cpp">
      <Filter>source\private\MfData\MfExport\private\Native</Filter>
    </ClCompile>
    <ClCompile Include="source\private\MfData\MfExport\private\Native\NativeExpEvt.cpp">
      <Filter>source\private\MfData\MfExport\private\Native</Filter>
    </ClCompile>
    <ClCompile Include="source\private\MfData\MfExport\private\Native\NativeExpEts.cpp">
      <Filter>source\private\MfData\MfExport\private\Native</Filter>
    </ClCompile>
    <ClCompile Include="source\private\MfData\MfExport\private\Native\NativeExpLak.cpp">
      <Filter>source\private\MfData\MfExport\private\Native</Filter>
    </ClCompile>
    <ClCompile Include="source\private\MfData\MfExport\private\Native\NativeExpLstObs.cpp">
      <Filter>source\private\MfData\MfExport\private\Native</Filter>
    </ClCompile>
    <ClCompile Include="source\private\MfData\MfExport\private\Native\NativeExpMnw1.cpp">
      <Filter>source\private\MfData\MfExport\private\Native</Filter>
    </ClCompile>
    <ClCompile Include="source\private\MfData\MfExport\private\Native\NativeExpSub.cpp">
      <Filter>source\private\MfData\MfExport\private\Native</Filter>
    </ClCompile>
    <ClCompile Include="source\private\MfData\MfExport\private\Native\NativeExpUzf.cpp">
      <Filter>source\private\MfData\MfExport\private\Native</Filter>
    </ClCompile>
    <ClCompile Include="source\private\MfData\MfExport\private\Native\NativeExpStr.cpp">
      <Filter>source\private\MfData\MfExport\private\Native</Filter>
    </ClCompile>
    <ClCompile Include="source\private\MfData\MfExport\private\Native\NeArealPar.cpp">
      <Filter>source\private\MfData\MfExport\private\Native</Filter>
    </ClCompile>
    <ClCompile Include="source\private\MfData\MfExport\private\Native\NativeExpLgr.cpp">
      <Filter>source\private\MfData\MfExport\private\Native</Filter>
    </ClCompile>
    <ClCompile Include="source\private\MfLibAsserts.cpp">
      <Filter>source\private</Filter>
    </ClCompile>
    <ClCompile Include="source\RunTest.cpp">
      <Filter>source</Filter>
    </ClCompile>
    <ClCompile Include="source\private\samg\samg.cpp">
      <Filter>source\private\samg</Filter>
    </ClCompile>
    <ClCompile Include="source\private\MfData\MfExport\private\Native\NativeExpGnc.cpp">
      <Filter>source\private\MfData\MfExport\private\Native</Filter>
    </ClCompile>
    <ClCompile Include="source\private\MfData\MfExport\private\Native\NativeExpDisu.cpp">
      <Filter>source\private\MfData\MfExport\private\Native</Filter>
    </ClCompile>
    <ClCompile Include="source\private\MfData\MfExport\private\Native\NativeExpCln.cpp">
      <Filter>source\private\MfData\MfExport\private\Native</Filter>
    </ClCompile>
  </ItemGroup>
  <ItemGroup>
    <ClInclude Include="source\Export.h">
      <Filter>source</Filter>
    </ClInclude>
    <ClInclude Include="source\ModflowLib.h">
      <Filter>source</Filter>
    </ClInclude>
    <ClInclude Include="source\private\ArrayReader.t.h">
      <Filter>source\private</Filter>
    </ClInclude>
    <ClInclude Include="source\private\ArrayReader.h">
      <Filter>source\private</Filter>
    </ClInclude>
    <ClInclude Include="source\private\CmdLine.t.h">
      <Filter>source\private</Filter>
    </ClInclude>
    <ClInclude Include="source\private\CmdLine.h">
      <Filter>source\private</Filter>
    </ClInclude>
    <ClInclude Include="source\private\ListReader.h">
      <Filter>source\private</Filter>
    </ClInclude>
    <ClInclude Include="source\private\ListReaderStr.h">
      <Filter>source\private</Filter>
    </ClInclude>
    <ClInclude Include="source\private\ListReaderStr.t.h">
      <Filter>source\private</Filter>
    </ClInclude>
    <ClInclude Include="source\private\MfData.h">
      <Filter>source\private</Filter>
    </ClInclude>
    <ClInclude Include="source\private\MfData.t.h">
      <Filter>source\private</Filter>
    </ClInclude>
    <ClInclude Include="source\private\MNWReader.h">
      <Filter>source\private</Filter>
    </ClInclude>
    <ClInclude Include="source\private\MNWReader.t.h">
      <Filter>source\private</Filter>
    </ClInclude>
    <ClInclude Include="source\private\ModflowLib.t.h">
      <Filter>source\private</Filter>
    </ClInclude>
    <ClInclude Include="source\private\Parameters.h">
      <Filter>source\private</Filter>
    </ClInclude>
    <ClInclude Include="source\private\Parameters.t.h">
      <Filter>source\private</Filter>
    </ClInclude>
    <ClInclude Include="source\private\Sfr2Reader.h">
      <Filter>source\private</Filter>
    </ClInclude>
    <ClInclude Include="source\private\Sfr2Reader.t.h">
      <Filter>source\private</Filter>
    </ClInclude>
    <ClInclude Include="source\private\ArrayReader\ArrayReaderParser.t.h">
      <Filter>source\private\ArrayReader</Filter>
    </ClInclude>
    <ClInclude Include="source\private\ArrayReader\ArrayReaderParser.h">
      <Filter>source\private\ArrayReader</Filter>
    </ClInclude>
    <ClInclude Include="source\private\Gms2Mf2k\Converter.t.h">
      <Filter>source\private\Gms2Mf2k</Filter>
    </ClInclude>
    <ClInclude Include="source\private\Gms2Mf2k\Converter.h">
      <Filter>source\private\Gms2Mf2k</Filter>
    </ClInclude>
    <ClInclude Include="source\private\Gms2Mf2k\Gms2Mf2k.t.h">
      <Filter>source\private\Gms2Mf2k</Filter>
    </ClInclude>
    <ClInclude Include="source\private\Gms2Mf2k\Files\DisFileReader.t.h">
      <Filter>source\private\Gms2Mf2k\Files</Filter>
    </ClInclude>
    <ClInclude Include="source\private\Gms2Mf2k\Files\DisFileReader.h">
      <Filter>source\private\Gms2Mf2k\Files</Filter>
    </ClInclude>
    <ClInclude Include="source\private\Gms2Mf2k\Files\FileProcessor.h">
      <Filter>source\private\Gms2Mf2k\Files</Filter>
    </ClInclude>
    <ClInclude Include="source\private\Gms2Mf2k\Files\FileProcessor.t.h">
      <Filter>source\private\Gms2Mf2k\Files</Filter>
    </ClInclude>
    <ClInclude Include="source\private\Gms2Mf2k\Files\NameFileReader.h">
      <Filter>source\private\Gms2Mf2k\Files</Filter>
    </ClInclude>
    <ClInclude Include="source\private\Gms2Mf2k\Files\NameFileReader.t.h">
      <Filter>source\private\Gms2Mf2k\Files</Filter>
    </ClInclude>
    <ClInclude Include="source\private\Gms2Mf2k\Files\Processor\ProcessorUtil.h">
      <Filter>source\private\Gms2Mf2k\Files\Processor</Filter>
    </ClInclude>
    <ClInclude Include="source\private\Gms2Mf2k\Files\Processor\Processor.h">
      <Filter>source\private\Gms2Mf2k\Files\Processor</Filter>
    </ClInclude>
    <ClInclude Include="source\private\Gms2Mf2k\Files\Processor\Processor.t.h">
      <Filter>source\private\Gms2Mf2k\Files\Processor</Filter>
    </ClInclude>
    <ClInclude Include="source\private\Gms2Mf2k\Files\Processor\ProcessorMNW.h">
      <Filter>source\private\Gms2Mf2k\Files\Processor</Filter>
    </ClInclude>
    <ClInclude Include="source\private\Gms2Mf2k\Files\Processor\ProcessorMNW.t.h">
      <Filter>source\private\Gms2Mf2k\Files\Processor</Filter>
    </ClInclude>
    <ClInclude Include="source\private\Gms2Mf2k\Files\Processor\ProcessorMNW2.h">
      <Filter>source\private\Gms2Mf2k\Files\Processor</Filter>
    </ClInclude>
    <ClInclude Include="source\private\Gms2Mf2k\Files\Processor\ProcessorMNW2.t.h">
      <Filter>source\private\Gms2Mf2k\Files\Processor</Filter>
    </ClInclude>
    <ClInclude Include="source\private\Gms2Mf2k\Files\Processor\ProcessorSFR2.h">
      <Filter>source\private\Gms2Mf2k\Files\Processor</Filter>
    </ClInclude>
    <ClInclude Include="source\private\Gms2Mf2k\Files\Processor\ProcessorSFR2.t.h">
      <Filter>source\private\Gms2Mf2k\Files\Processor</Filter>
    </ClInclude>
    <ClInclude Include="source\private\Gms2Mf2k\Files\Processor\ProcessorStream.h">
      <Filter>source\private\Gms2Mf2k\Files\Processor</Filter>
    </ClInclude>
    <ClInclude Include="source\private\Gms2Mf2k\Files\Processor\ProcessorStream.t.h">
      <Filter>source\private\Gms2Mf2k\Files\Processor</Filter>
    </ClInclude>
    <ClInclude Include="source\private\H5DataReader\H5DataReaderUtil.h">
      <Filter>source\private\H5DataReaders</Filter>
    </ClInclude>
    <ClInclude Include="source\private\H5DataReader\H5DataSetReader.h">
      <Filter>source\private\H5DataReaders</Filter>
    </ClInclude>
    <ClInclude Include="source\private\H5DataReader\H5DataSetReader.t.h">
      <Filter>source\private\H5DataReaders</Filter>
    </ClInclude>
    <ClInclude Include="source\private\H5DataReader\H5DataSetWriter.h">
      <Filter>source\private\H5DataReaders</Filter>
    </ClInclude>
    <ClInclude Include="source\private\H5DataReader\H5DataSetWriter.t.h">
      <Filter>source\private\H5DataReaders</Filter>
    </ClInclude>
    <ClInclude Include="source\private\H5DataReader\H5DataSetWriterSetup.h">
      <Filter>source\private\H5DataReaders</Filter>
    </ClInclude>
    <ClInclude Include="source\private\H5DataReader\H5VecCStrReader.h">
      <Filter>source\private\H5DataReaders</Filter>
    </ClInclude>
    <ClInclude Include="source\private\H5DataReader\H5VecCStrReader.t.h">
      <Filter>source\private\H5DataReaders</Filter>
    </ClInclude>
    <ClInclude Include="source\private\ListReader\CellIdToIJK.h">
      <Filter>source\private\ListReader</Filter>
    </ClInclude>
    <ClInclude Include="source\private\ListReader\CellIdToIJK.t.h">
      <Filter>source\private\ListReader</Filter>
    </ClInclude>
    <ClInclude Include="source\private\ListReader\ListReaderH5.h">
      <Filter>source\private\ListReader</Filter>
    </ClInclude>
    <ClInclude Include="source\private\ListReader\ListReaderH5.t.h">
      <Filter>source\private\ListReader</Filter>
    </ClInclude>
    <ClInclude Include="source\private\ListReader\ListReaderParser.h">
      <Filter>source\private\ListReader</Filter>
    </ClInclude>
    <ClInclude Include="source\private\ListReader\ListReaderParser.t.h">
      <Filter>source\private\ListReader</Filter>
    </ClInclude>
    <ClInclude Include="source\private\util\CToken.h">
      <Filter>source\private\util</Filter>
    </ClInclude>
    <ClInclude Include="source\private\util\ContArray.h">
      <Filter>source\private\util</Filter>
    </ClInclude>
    <ClInclude Include="source\private\util\dblprec.h">
      <Filter>source\private\util</Filter>
    </ClInclude>
    <ClInclude Include="source\private\util\EException.h">
      <Filter>source\private\util</Filter>
    </ClInclude>
    <ClInclude Include="source\private\util\EReadAsciiFile.h">
      <Filter>source\private\util</Filter>
    </ClInclude>
    <ClInclude Include="source\private\util\ErrorStack.h">
      <Filter>source\private\util</Filter>
    </ClInclude>
    <ClInclude Include="source\private\util\H5Initialize.h">
      <Filter>source\private\util</Filter>
    </ClInclude>
    <ClInclude Include="source\private\util\LateLoad.h">
      <Filter>source\private\util</Filter>
    </ClInclude>
    <ClInclude Include="source\private\util\StdString.h">
      <Filter>source\private\util</Filter>
    </ClInclude>
    <ClInclude Include="source\private\util\util.h">
      <Filter>source\private\util</Filter>
    </ClInclude>
    <ClInclude Include="source\private\util\util.t.h">
      <Filter>source\private\util</Filter>
    </ClInclude>
    <ClInclude Include="source\private\SQLite\CppSQLite3.h">
      <Filter>source\private\SQLite\private</Filter>
    </ClInclude>
    <ClInclude Include="source\private\SQLite\sqlite3.h">
      <Filter>source\private\SQLite\private</Filter>
    </ClInclude>
    <ClInclude Include="source\private\Parameters\MultArray.t.h">
      <Filter>source\private\Parameters</Filter>
    </ClInclude>
    <ClInclude Include="source\private\Parameters\MultArray.h">
      <Filter>source\private\Parameters</Filter>
    </ClInclude>
    <ClInclude Include="source\private\Parameters\Param.h">
      <Filter>source\private\Parameters</Filter>
    </ClInclude>
    <ClInclude Include="source\private\Parameters\Param.t.h">
      <Filter>source\private\Parameters</Filter>
    </ClInclude>
    <ClInclude Include="source\private\Parameters\ParamFileReader.h">
      <Filter>source\private\Parameters</Filter>
    </ClInclude>
    <ClInclude Include="source\private\Parameters\ParamFileReader.t.h">
      <Filter>source\private\Parameters</Filter>
    </ClInclude>
    <ClInclude Include="source\private\Parameters\ParamList.h">
      <Filter>source\private\Parameters</Filter>
    </ClInclude>
    <ClInclude Include="source\private\Parameters\ParamList.t.h">
      <Filter>source\private\Parameters</Filter>
    </ClInclude>
    <ClInclude Include="source\private\Parameters\PilotPoints.h">
      <Filter>source\private\Parameters</Filter>
    </ClInclude>
    <ClInclude Include="source\private\Parameters\PilotPoints.t.h">
      <Filter>source\private\Parameters</Filter>
    </ClInclude>
    <ClInclude Include="source\private\Parameters\SenFileReader.h">
      <Filter>source\private\Parameters</Filter>
    </ClInclude>
    <ClInclude Include="source\private\Parameters\SenFileReader.t.h">
      <Filter>source\private\Parameters</Filter>
    </ClInclude>
    <ClInclude Include="source\private\MfData\MfGlobal.t.h">
      <Filter>source\private\MfData</Filter>
    </ClInclude>
    <ClInclude Include="source\private\MfData\MfGlobal.h">
      <Filter>source\private\MfData</Filter>
    </ClInclude>
    <ClInclude Include="source\private\MfData\MfPackageUtil.h">
      <Filter>source\private\MfData</Filter>
    </ClInclude>
    <ClInclude Include="source\private\MfData\MfPackageUtil.t.h">
      <Filter>source\private\MfData</Filter>
    </ClInclude>
    <ClInclude Include="source\private\MfData\Packages\MfPackage.t.h">
      <Filter>source\private\MfData\Packages</Filter>
    </ClInclude>
    <ClInclude Include="source\private\MfData\Packages\MfPackage.h">
      <Filter>source\private\MfData\Packages</Filter>
    </ClInclude>
    <ClInclude Include="source\private\MfData\Packages\MfPackFields.h">
      <Filter>source\private\MfData\Packages</Filter>
    </ClInclude>
    <ClInclude Include="source\private\MfData\Packages\MfPackStrings.h">
      <Filter>source\private\MfData\Packages</Filter>
    </ClInclude>
    <ClInclude Include="source\private\MfData\Packages\ObsHd.h">
      <Filter>source\private\MfData\Packages</Filter>
    </ClInclude>
    <ClInclude Include="source\private\MfData\MfExport\MfExporter.t.h">
      <Filter>source\private\MfData\MfExport</Filter>
    </ClInclude>
    <ClInclude Include="source\private\MfData\MfExport\MfExporter.h">
      <Filter>source\private\MfData\MfExport</Filter>
    </ClInclude>
    <ClInclude Include="source\private\MfData\MfExport\private\ExpGeoDb.t.h">
      <Filter>source\private\MfData\MfExport\private</Filter>
    </ClInclude>
    <ClInclude Include="source\private\MfData\MfExport\private\ExpGeoDb.h">
      <Filter>source\private\MfData\MfExport\private</Filter>
    </ClInclude>
    <ClInclude Include="source\private\MfData\MfExport\private\ExpGmsH5.t.h">
      <Filter>source\private\MfData\MfExport\private</Filter>
    </ClInclude>
    <ClInclude Include="source\private\MfData\MfExport\private\ExpGmsH5.h">
      <Filter>source\private\MfData\MfExport\private</Filter>
    </ClInclude>
    <ClInclude Include="source\private\MfData\MfExport\private\Gdb.t.h">
      <Filter>source\private\MfData\MfExport\private</Filter>
    </ClInclude>
    <ClInclude Include="source\private\MfData\MfExport\private\Gdb.h">
      <Filter>source\private\MfData\MfExport\private</Filter>
    </ClInclude>
    <ClInclude Include="source\private\MfData\MfExport\private\Mf2kNative.h">
      <Filter>source\private\MfData\MfExport\private</Filter>
    </ClInclude>
    <ClInclude Include="source\private\MfData\MfExport\private\Mf2kNative.t.h">
      <Filter>source\private\MfData\MfExport\private</Filter>
    </ClInclude>
    <ClInclude Include="source\private\MfData\MfExport\private\MfExporterImpl.h">
      <Filter>source\private\MfData\MfExport\private</Filter>
    </ClInclude>
    <ClInclude Include="source\private\MfData\MfExport\private\MfExportUtil.h">
      <Filter>source\private\MfData\MfExport\private</Filter>
    </ClInclude>
    <ClInclude Include="source\private\MfData\MfExport\private\MfExportUtil.t.h">
      <Filter>source\private\MfData\MfExport\private</Filter>
    </ClInclude>
    <ClInclude Include="source\private\MfData\MfExport\private\TxtExporter.h">
      <Filter>source\private\MfData\MfExport\private</Filter>
    </ClInclude>
    <ClInclude Include="source\private\MfData\MfExport\private\TxtExporter.t.h">
      <Filter>source\private\MfData\MfExport\private</Filter>
    </ClInclude>
    <ClInclude Include="source\private\Gms2Mf2k\Files\LgrFileReader.t.h">
      <Filter>source\private\Gms2Mf2k</Filter>
    </ClInclude>
    <ClInclude Include="source\private\Gms2Mf2k\Files\LgrFileReader.h">
      <Filter>source\private\Gms2Mf2k</Filter>
    </ClInclude>
    <ClInclude Include="source\private\MfData\MfExport\private\Native\NativeUtil.h">
      <Filter>source\private\MfData\MfExport\private\Native</Filter>
    </ClInclude>
    <ClInclude Include="source\private\MfData\MfExport\private\Native\NativeExpDis.h">
      <Filter>source\private\MfData\MfExport\private\Native</Filter>
    </ClInclude>
    <ClInclude Include="source\private\MfData\MfExport\private\Native\NativePackExp.h">
      <Filter>source\private\MfData\MfExport\private\Native</Filter>
    </ClInclude>
    <ClInclude Include="source\private\MfData\MfExport\private\Native\NativeExpDis.t.h">
      <Filter>source\private\MfData\MfExport\private\Native</Filter>
    </ClInclude>
    <ClInclude Include="source\private\MfData\MfExport\private\Native\NativeExpArr2d.h">
      <Filter>source\private\MfData\MfExport\private\Native</Filter>
    </ClInclude>
    <ClInclude Include="source\private\MfData\MfExport\private\Native\NativeExpArr1d.h">
      <Filter>source\private\MfData\MfExport\private\Native</Filter>
    </ClInclude>
    <ClInclude Include="source\private\MfData\MfExport\private\Native\NativeExpBas.h">
      <Filter>source\private\MfData\MfExport\private\Native</Filter>
    </ClInclude>
    <ClInclude Include="source\private\MfData\MfExport\private\Native\NativeExpBas.t.h">
      <Filter>source\private\MfData\MfExport\private\Native</Filter>
    </ClInclude>
    <ClInclude Include="source\private\MfData\MfExport\private\Native\NativeExpNam.h">
      <Filter>source\private\MfData\MfExport\private\Native</Filter>
    </ClInclude>
    <ClInclude Include="source\private\MfData\MfExport\private\Native\NativeExpSTP.h">
      <Filter>source\private\MfData\MfExport\private\Native</Filter>
    </ClInclude>
    <ClInclude Include="source\private\MfData\MfExport\private\Native\NativeExpSolver.h">
      <Filter>source\private\MfData\MfExport\private\Native</Filter>
    </ClInclude>
    <ClInclude Include="source\private\MfData\MfExport\private\Native\NativeExpSolver.t.h">
      <Filter>source\private\MfData\MfExport\private\Native</Filter>
    </ClInclude>
    <ClInclude Include="source\private\MfData\MfExport\private\Native\NativeExpSTP.t.h">
      <Filter>source\private\MfData\MfExport\private\Native</Filter>
    </ClInclude>
    <ClInclude Include="source\private\MfData\MfExport\private\Native\NativeExpBcf.h">
      <Filter>source\private\MfData\MfExport\private\Native</Filter>
    </ClInclude>
    <ClInclude Include="source\private\MfData\MfExport\private\Native\NativeExpBcf.t.h">
      <Filter>source\private\MfData\MfExport\private\Native</Filter>
    </ClInclude>
    <ClInclude Include="source\private\MfData\MfExport\private\Native\NativeExpLpf.h">
      <Filter>source\private\MfData\MfExport\private\Native</Filter>
    </ClInclude>
    <ClInclude Include="source\private\MfData\MfExport\private\Native\NativeExpLpf.t.h">
      <Filter>source\private\MfData\MfExport\private\Native</Filter>
    </ClInclude>
    <ClInclude Include="source\private\MfData\MfExport\private\Native\NativeExpHuf.h">
      <Filter>source\private\MfData\MfExport\private\Native</Filter>
    </ClInclude>
    <ClInclude Include="source\private\MfData\MfExport\private\Native\NativeExpHuf.t.h">
      <Filter>source\private\MfData\MfExport\private\Native</Filter>
    </ClInclude>
    <ClInclude Include="source\private\MfData\MfExport\private\Native\NativeExpZon.h">
      <Filter>source\private\MfData\MfExport\private\Native</Filter>
    </ClInclude>
    <ClInclude Include="source\private\MfData\MfExport\private\Native\NativeExpZon.t.h">
      <Filter>source\private\MfData\MfExport\private\Native</Filter>
    </ClInclude>
    <ClInclude Include="source\private\MfData\MfExport\private\Native\NativeExpMlt.h">
      <Filter>source\private\MfData\MfExport\private\Native</Filter>
    </ClInclude>
    <ClInclude Include="source\private\MfData\MfExport\private\Native\NativeExpMlt.t.h">
      <Filter>source\private\MfData\MfExport\private\Native</Filter>
    </ClInclude>
    <ClInclude Include="source\private\MfData\MfExport\private\Native\NativeExpOc.t.h">
      <Filter>source\private\MfData\MfExport\private\Native</Filter>
    </ClInclude>
    <ClInclude Include="source\private\MfData\MfExport\private\Native\NativeExpOc.h">
      <Filter>source\private\MfData\MfExport\private\Native</Filter>
    </ClInclude>
    <ClInclude Include="source\private\MfData\MfExport\private\Native\NativeExpPval.h">
      <Filter>source\private\MfData\MfExport\private\Native</Filter>
    </ClInclude>
    <ClInclude Include="source\private\MfData\MfExport\private\Native\NativeExpPval.t.h">
      <Filter>source\private\MfData\MfExport\private\Native</Filter>
    </ClInclude>
    <ClInclude Include="source\private\MfData\MfExport\private\Native\NativeExpSen.t.h">
      <Filter>source\private\MfData\MfExport\private\Native</Filter>
    </ClInclude>
    <ClInclude Include="source\private\MfData\MfExport\private\Native\NativeExpSen.h">
      <Filter>source\private\MfData\MfExport\private\Native</Filter>
    </ClInclude>
    <ClInclude Include="source\private\MfData\MfExport\private\Native\NativeExpHfb.h">
      <Filter>source\private\MfData\MfExport\private\Native</Filter>
    </ClInclude>
    <ClInclude Include="source\private\MfData\MfExport\private\Native\NativeExpHfb.t.h">
      <Filter>source\private\MfData\MfExport\private\Native</Filter>
    </ClInclude>
    <ClInclude Include="source\private\MfData\MfExport\private\Native\NativeExpPes.h">
      <Filter>source\private\MfData\MfExport\private\Native</Filter>
    </ClInclude>
    <ClInclude Include="source\private\MfData\MfExport\private\Native\NativeExpPes.t.h">
      <Filter>source\private\MfData\MfExport\private\Native</Filter>
    </ClInclude>
    <ClInclude Include="source\private\MfData\MfExport\private\Native\NativeExpLstPar.h">
      <Filter>source\private\MfData\MfExport\private\Native</Filter>
    </ClInclude>
    <ClInclude Include="source\private\MfData\MfExport\private\Native\NativeExpLstPar.t.h">
      <Filter>source\private\MfData\MfExport\private\Native</Filter>
    </ClInclude>
    <ClInclude Include="source\private\MfData\MfExport\private\Native\NativeExpGag.h">
      <Filter>source\private\MfData\MfExport\private\Native</Filter>
    </ClInclude>
    <ClInclude Include="source\private\MfData\MfExport\private\Native\NativeExpGag.t.h">
      <Filter>source\private\MfData\MfExport\private\Native</Filter>
    </ClInclude>
    <ClInclude Include="source\private\MfData\MfExport\private\Native\NativeExpMnw2.t.h">
      <Filter>source\private\MfData\MfExport\private\Native</Filter>
    </ClInclude>
    <ClInclude Include="source\private\MfData\MfExport\private\Native\NativeExpMnw2.h">
      <Filter>source\private\MfData\MfExport\private\Native</Filter>
    </ClInclude>
    <ClInclude Include="source\private\MfData\MfExport\private\Native\NativeExpMnwi.t.h">
      <Filter>source\private\MfData\MfExport\private\Native</Filter>
    </ClInclude>
    <ClInclude Include="source\private\MfData\MfExport\private\Native\NativeExpMnwi.h">
      <Filter>source\private\MfData\MfExport\private\Native</Filter>
    </ClInclude>
    <ClInclude Include="source\private\MfData\MfExport\private\Native\NativeExpObs.h">
      <Filter>source\private\MfData\MfExport\private\Native</Filter>
    </ClInclude>
    <ClInclude Include="source\private\MfData\MfExport\private\Native\NativeExpObs.t.h">
      <Filter>source\private\MfData\MfExport\private\Native</Filter>
    </ClInclude>
    <ClInclude Include="source\private\MfData\MfExport\private\Native\NativeExpSfr.h">
      <Filter>source\private\MfData\MfExport\private\Native</Filter>
    </ClInclude>
    <ClInclude Include="source\private\MfData\MfExport\private\Native\NativeExpSfr.t.h">
      <Filter>source\private\MfData\MfExport\private\Native</Filter>
    </ClInclude>
    <ClInclude Include="source\private\MfData\MfExport\private\Native\NativeExpLstPack.t.h">
      <Filter>source\private\MfData\MfExport\private\Native</Filter>
    </ClInclude>
    <ClInclude Include="source\private\MfData\MfExport\private\Native\NativeExpLstPack.h">
      <Filter>source\private\MfData\MfExport\private\Native</Filter>
    </ClInclude>
    <ClInclude Include="source\private\MfData\MfExport\private\Native\NativeExpRch.h">
      <Filter>source\private\MfData\MfExport\private\Native</Filter>
    </ClInclude>
    <ClInclude Include="source\private\MfData\MfExport\private\Native\NativeExpRch.t.h">
      <Filter>source\private\MfData\MfExport\private\Native</Filter>
    </ClInclude>
    <ClInclude Include="source\private\MfData\MfExport\private\Native\NativeExpEvt.h">
      <Filter>source\private\MfData\MfExport\private\Native</Filter>
    </ClInclude>
    <ClInclude Include="source\private\MfData\MfExport\private\Native\NativeExpEvt.t.h">
      <Filter>source\private\MfData\MfExport\private\Native</Filter>
    </ClInclude>
    <ClInclude Include="source\private\MfData\MfExport\private\Native\NativeExpEts.t.h">
      <Filter>source\private\MfData\MfExport\private\Native</Filter>
    </ClInclude>
    <ClInclude Include="source\private\MfData\MfExport\private\Native\NativeExpEts.h">
      <Filter>source\private\MfData\MfExport\private\Native</Filter>
    </ClInclude>
    <ClInclude Include="source\private\MfData\MfExport\private\Native\NativeExpLak.h">
      <Filter>source\private\MfData\MfExport\private\Native</Filter>
    </ClInclude>
    <ClInclude Include="source\private\MfData\MfExport\private\Native\NativeExpLak.t.h">
      <Filter>source\private\MfData\MfExport\private\Native</Filter>
    </ClInclude>
    <ClInclude Include="source\private\MfData\MfExport\private\Native\NativeExpLstObs.h">
      <Filter>source\private\MfData\MfExport\private\Native</Filter>
    </ClInclude>
    <ClInclude Include="source\private\MfData\MfExport\private\Native\NativeExpLstObs.t.h">
      <Filter>source\private\MfData\MfExport\private\Native</Filter>
    </ClInclude>
    <ClInclude Include="source\private\MfData\MfExport\private\Native\NativeExpMnw1.h">
      <Filter>source\private\MfData\MfExport\private\Native</Filter>
    </ClInclude>
    <ClInclude Include="source\private\MfData\MfExport\private\Native\NativeExpMnw1.t.h">
      <Filter>source\private\MfData\MfExport\private\Native</Filter>
    </ClInclude>
    <ClInclude Include="source\private\MfData\MfExport\private\Native\NativeExpSub.h">
      <Filter>source\private\MfData\MfExport\private\Native</Filter>
    </ClInclude>
    <ClInclude Include="source\private\MfData\MfExport\private\Native\NativeExpSub.t.h">
      <Filter>source\private\MfData\MfExport\private\Native</Filter>
    </ClInclude>
    <ClInclude Include="source\private\MfData\MfExport\private\Native\NativeExpUzf.t.h">
      <Filter>source\private\MfData\MfExport\private\Native</Filter>
    </ClInclude>
    <ClInclude Include="source\private\MfData\MfExport\private\Native\NativeExpUzf.h">
      <Filter>source\private\MfData\MfExport\private\Native</Filter>
    </ClInclude>
    <ClInclude Include="source\private\MfData\MfExport\private\Native\NativeExpStr.h">
      <Filter>source\private\MfData\MfExport\private\Native</Filter>
    </ClInclude>
    <ClInclude Include="source\private\MfData\MfExport\private\Native\NativeExpStr.t.h">
      <Filter>source\private\MfData\MfExport\private\Native</Filter>
    </ClInclude>
    <ClInclude Include="source\private\MfData\MfExport\private\Native\NeArealPar.h">
      <Filter>source\private\MfData\MfExport\private\Native</Filter>
    </ClInclude>
    <ClInclude Include="source\private\MfData\MfExport\private\Native\NativeExpLgr.h">
      <Filter>source\private\MfData\MfExport\private\Native</Filter>
    </ClInclude>
    <ClInclude Include="source\private\MfData\MfExport\private\Native\NativeExpLgr.t.h">
      <Filter>source\private\MfData\MfExport\private\Native</Filter>
    </ClInclude>
    <ClInclude Include="source\private\MfLibAsserts.h">
      <Filter>source\private</Filter>
    </ClInclude>
    <ClInclude Include="source\RunTest.h">
      <Filter>source</Filter>
    </ClInclude>
    <ClInclude Include="source\private\samg\samg.h">
      <Filter>source\private\samg</Filter>
    </ClInclude>
    <ClInclude Include="source\private\MfData\MfExport\private\Native\NativeExpGnc.h">
      <Filter>source\private\MfData\MfExport\private\Native</Filter>
    </ClInclude>
    <ClInclude Include="source\private\MfData\MfExport\private\Native\NativeExpGnc.t.h">
      <Filter>source\private\MfData\MfExport\private\Native</Filter>
    </ClInclude>
    <ClInclude Include="source\private\MfData\MfExport\private\Native\NativeExpDisu.h">
      <Filter>source\private\MfData\MfExport\private\Native</Filter>
    </ClInclude>
    <ClInclude Include="source\private\MfData\MfExport\private\Native\NativeExpDisu.t.h">
      <Filter>source\private\MfData\MfExport\private\Native</Filter>
    </ClInclude>
    <ClInclude Include="source\private\MfData\MfExport\private\Native\NativeExpCln.h">
      <Filter>source\private\MfData\MfExport\private\Native</Filter>
    </ClInclude>
    <ClInclude Include="source\private\MfData\MfExport\private\Native\NativeExpCln.t.h">
      <Filter>source\private\MfData\MfExport\private\Native</Filter>
    </ClInclude>
  </ItemGroup>
  <ItemGroup>
    <Filter Include="CxxTest">
      <UniqueIdentifier>{410a52f6-9031-498a-9a9e-b58f19c6a2d1}</UniqueIdentifier>
    </Filter>
    <Filter Include="CxxTest\1.0">
      <UniqueIdentifier>{6f51a70a-2862-4600-9aec-7503fa28c900}</UniqueIdentifier>
    </Filter>
    <Filter Include="source">
      <UniqueIdentifier>{f1743857-63c8-4f1d-8004-9c985b52cf28}</UniqueIdentifier>
    </Filter>
    <Filter Include="source\private">
      <UniqueIdentifier>{cfd0d2c2-1fa9-43da-9881-d5a917837337}</UniqueIdentifier>
    </Filter>
    <Filter Include="source\private\ArrayReader">
      <UniqueIdentifier>{506b0e6d-c6a7-4010-b751-fd5b5e865504}</UniqueIdentifier>
    </Filter>
    <Filter Include="source\private\Gms2Mf2k">
      <UniqueIdentifier>{97d41e85-639e-42bb-99ea-eedc698495d6}</UniqueIdentifier>
    </Filter>
    <Filter Include="source\private\Gms2Mf2k\Files">
      <UniqueIdentifier>{820f3d15-031f-4e57-a95e-f6a993858fb5}</UniqueIdentifier>
    </Filter>
    <Filter Include="source\private\Gms2Mf2k\Files\Processor">
      <UniqueIdentifier>{93b9c390-8fc4-463c-bb27-584dd2a75b46}</UniqueIdentifier>
    </Filter>
    <Filter Include="source\private\H5DataReaders">
      <UniqueIdentifier>{4c3cbcc3-08ec-4e19-a923-bcf526663a2f}</UniqueIdentifier>
    </Filter>
    <Filter Include="source\private\ListReader">
      <UniqueIdentifier>{0c553b54-1a37-4a4d-9a24-8578d1bb5b0f}</UniqueIdentifier>
    </Filter>
    <Filter Include="source\private\util">
      <UniqueIdentifier>{d9c28761-1125-4fcf-9106-792342682b49}</UniqueIdentifier>
    </Filter>
    <Filter Include="source\private\SQLite">
      <UniqueIdentifier>{af78249d-f4a0-4452-bae3-60545b84b7fd}</UniqueIdentifier>
    </Filter>
    <Filter Include="source\private\SQLite\private">
      <UniqueIdentifier>{32af274e-424e-4394-8bee-a668a8ef1406}</UniqueIdentifier>
    </Filter>
    <Filter Include="source\private\Parameters">
      <UniqueIdentifier>{4ceb47ca-3666-45d2-a0ae-8d77820800f8}</UniqueIdentifier>
    </Filter>
    <Filter Include="source\private\MfData">
      <UniqueIdentifier>{43a2420c-3cfc-4708-b91c-e525bbc46452}</UniqueIdentifier>
    </Filter>
    <Filter Include="source\private\MfData\Packages">
      <UniqueIdentifier>{c0236338-9d75-4e15-9cc6-f34798d96a3e}</UniqueIdentifier>
    </Filter>
    <Filter Include="source\private\MfData\MfExport">
      <UniqueIdentifier>{74f2ed5c-1be8-4be9-a53a-28941b27d8de}</UniqueIdentifier>
    </Filter>
    <Filter Include="source\private\MfData\MfExport\private">
      <UniqueIdentifier>{9d91419f-4a20-46f8-b02b-fcd41b50342f}</UniqueIdentifier>
    </Filter>
    <Filter Include="source\private\MfData\MfExport\private\Native">
      <UniqueIdentifier>{57607a96-22bd-4c11-8678-7ee0cbded456}</UniqueIdentifier>
    </Filter>
    <Filter Include="source\private\samg">
      <UniqueIdentifier>{1736618b-c7e7-4509-b5e7-1233714663b7}</UniqueIdentifier>
    </Filter>
  </ItemGroup>
</Project>